
Microsoft Visual Studio Solution File, Format Version 12.00
# Visual Studio Version 17
VisualStudioVersion = 17.0.32112.339
MinimumVisualStudioVersion = 10.0.40219.1
Project("{FAE04EC0-301F-11D3-BF4B-00C04F79EFBC}") = "Zadanie5", "Zadanie5\Zadanie5.csproj", "{A1DBB362-D712-4A86-8145-308D58F746B1}"
EndProject
Global
	GlobalSection(SolutionConfigurationPlatforms) = preSolution
		Debug|Any CPU = Debug|Any CPU
		Release|Any CPU = Release|Any CPU
	EndGlobalSection
	GlobalSection(ProjectConfigurationPlatforms) = postSolution
		{A1DBB362-D712-4A86-8145-308D58F746B1}.Debug|Any CPU.ActiveCfg = Debug|Any CPU
		{A1DBB362-D712-4A86-8145-308D58F746B1}.Debug|Any CPU.Build.0 = Debug|Any CPU
		{A1DBB362-D712-4A86-8145-308D58F746B1}.Release|Any CPU.ActiveCfg = Release|Any CPU
		{A1DBB362-D712-4A86-8145-308D58F746B1}.Release|Any CPU.Build.0 = Release|Any CPU
	EndGlobalSection
	GlobalSection(SolutionProperties) = preSolution
		HideSolutionNode = FALSE
	EndGlobalSection
	GlobalSection(ExtensibilityGlobals) = postSolution
		SolutionGuid = {B2A614D9-92CC-491B-91C8-B6376A8E2F44}
	EndGlobalSection
EndGlobal
