
Microsoft Visual Studio Solution File, Format Version 12.00
# Visual Studio Version 17
VisualStudioVersion = 17.0.32112.339
MinimumVisualStudioVersion = 10.0.40219.1
Project("{FAE04EC0-301F-11D3-BF4B-00C04F79EFBC}") = "Zadanie4ProgramowanieKozickiPawel", "Zadanie4ProgramowanieKozickiPawel\Zadanie4ProgramowanieKozickiPawel.csproj", "{76441870-0489-4793-A089-870B3EBF9DBA}"
EndProject
Global
	GlobalSection(SolutionConfigurationPlatforms) = preSolution
		Debug|Any CPU = Debug|Any CPU
		Release|Any CPU = Release|Any CPU
	EndGlobalSection
	GlobalSection(ProjectConfigurationPlatforms) = postSolution
		{76441870-0489-4793-A089-870B3EBF9DBA}.Debug|Any CPU.ActiveCfg = Debug|Any CPU
		{76441870-0489-4793-A089-870B3EBF9DBA}.Debug|Any CPU.Build.0 = Debug|Any CPU
		{76441870-0489-4793-A089-870B3EBF9DBA}.Release|Any CPU.ActiveCfg = Release|Any CPU
		{76441870-0489-4793-A089-870B3EBF9DBA}.Release|Any CPU.Build.0 = Release|Any CPU
	EndGlobalSection
	GlobalSection(SolutionProperties) = preSolution
		HideSolutionNode = FALSE
	EndGlobalSection
	GlobalSection(ExtensibilityGlobals) = postSolution
		SolutionGuid = {91DF4087-9FBF-4F7A-8265-31756D426A95}
	EndGlobalSection
EndGlobal
